
Microsoft Visual Studio Solution File, Format Version 12.00
# Visual Studio Version 17
VisualStudioVersion = 17.14.36717.8
MinimumVisualStudioVersion = 10.0.40219.1
Project("{2150E333-8FDC-42A3-9474-1A3956D46DE8}") = "Assignment_3", "Assignment_3", "{02EA681E-C7D8-13C7-8484-4AC65E1B71E8}"
EndProject
Project("{FAE04EC0-301F-11D3-BF4B-00C04F79EFBC}") = "Client_2", "Assignment_3\Client_2\Client_2.csproj", "{F7E0FF62-163C-5801-1B9B-25E5C7940FDE}"
EndProject
Project("{8BC9CEB8-8B4A-11D0-8D11-00A0C91BC942}") = "Server", "Assignment_3\Server\Server.vcxproj", "{089C4B98-356C-42FF-A0E4-9EAD4BCEDFD9}"
EndProject
Project("{8BC9CEB8-8B4A-11D0-8D11-00A0C91BC942}") = "Client", "Assignment_3\Client\Client.vcxproj", "{93CB3305-3F7F-45DF-85C6-573BB35CFC50}"
EndProject
Global
	GlobalSection(SolutionConfigurationPlatforms) = preSolution
		Debug|Any CPU = Debug|Any CPU
		Debug|x64 = Debug|x64
		Debug|x86 = Debug|x86
		Release|Any CPU = Release|Any CPU
		Release|x64 = Release|x64
		Release|x86 = Release|x86
	EndGlobalSection
	GlobalSection(ProjectConfigurationPlatforms) = postSolution
		{F7E0FF62-163C-5801-1B9B-25E5C7940FDE}.Debug|Any CPU.ActiveCfg = Debug|Any CPU
		{F7E0FF62-163C-5801-1B9B-25E5C7940FDE}.Debug|Any CPU.Build.0 = Debug|Any CPU
		{F7E0FF62-163C-5801-1B9B-25E5C7940FDE}.Debug|x64.ActiveCfg = Debug|Any CPU
		{F7E0FF62-163C-5801-1B9B-25E5C7940FDE}.Debug|x64.Build.0 = Debug|Any CPU
		{F7E0FF62-163C-5801-1B9B-25E5C7940FDE}.Debug|x86.ActiveCfg = Debug|Any CPU
		{F7E0FF62-163C-5801-1B9B-25E5C7940FDE}.Debug|x86.Build.0 = Debug|Any CPU
		{F7E0FF62-163C-5801-1B9B-25E5C7940FDE}.Release|Any CPU.ActiveCfg = Release|Any CPU
		{F7E0FF62-163C-5801-1B9B-25E5C7940FDE}.Release|Any CPU.Build.0 = Release|Any CPU
		{F7E0FF62-163C-5801-1B9B-25E5C7940FDE}.Release|x64.ActiveCfg = Release|Any CPU
		{F7E0FF62-163C-5801-1B9B-25E5C7940FDE}.Release|x64.Build.0 = Release|Any CPU
		{F7E0FF62-163C-5801-1B9B-25E5C7940FDE}.Release|x86.ActiveCfg = Release|Any CPU
		{F7E0FF62-163C-5801-1B9B-25E5C7940FDE}.Release|x86.Build.0 = Release|Any CPU
		{089C4B98-356C-42FF-A0E4-9EAD4BCEDFD9}.Debug|Any CPU.ActiveCfg = Debug|x64
		{089C4B98-356C-42FF-A0E4-9EAD4BCEDFD9}.Debug|Any CPU.Build.0 = Debug|x64
		{089C4B98-356C-42FF-A0E4-9EAD4BCEDFD9}.Debug|x64.ActiveCfg = Debug|x64
		{089C4B98-356C-42FF-A0E4-9EAD4BCEDFD9}.Debug|x64.Build.0 = Debug|x64
		{089C4B98-356C-42FF-A0E4-9EAD4BCEDFD9}.Debug|x86.ActiveCfg = Debug|Win32
		{089C4B98-356C-42FF-A0E4-9EAD4BCEDFD9}.Debug|x86.Build.0 = Debug|Win32
		{089C4B98-356C-42FF-A0E4-9EAD4BCEDFD9}.Release|Any CPU.ActiveCfg = Release|x64
		{089C4B98-356C-42FF-A0E4-9EAD4BCEDFD9}.Release|Any CPU.Build.0 = Release|x64
		{089C4B98-356C-42FF-A0E4-9EAD4BCEDFD9}.Release|x64.ActiveCfg = Release|x64
		{089C4B98-356C-42FF-A0E4-9EAD4BCEDFD9}.Release|x64.Build.0 = Release|x64
		{089C4B98-356C-42FF-A0E4-9EAD4BCEDFD9}.Release|x86.ActiveCfg = Release|Win32
		{089C4B98-356C-42FF-A0E4-9EAD4BCEDFD9}.Release|x86.Build.0 = Release|Win32
		{93CB3305-3F7F-45DF-85C6-573BB35CFC50}.Debug|Any CPU.ActiveCfg = Debug|x64
		{93CB3305-3F7F-45DF-85C6-573BB35CFC50}.Debug|Any CPU.Build.0 = Debug|x64
		{93CB3305-3F7F-45DF-85C6-573BB35CFC50}.Debug|x64.ActiveCfg = Debug|x64
		{93CB3305-3F7F-45DF-85C6-573BB35CFC50}.Debug|x64.Build.0 = Debug|x64
		{93CB3305-3F7F-45DF-85C6-573BB35CFC50}.Debug|x86.ActiveCfg = Debug|Win32
		{93CB3305-3F7F-45DF-85C6-573BB35CFC50}.Debug|x86.Build.0 = Debug|Win32
		{93CB3305-3F7F-45DF-85C6-573BB35CFC50}.Release|Any CPU.ActiveCfg = Release|x64
		{93CB3305-3F7F-45DF-85C6-573BB35CFC50}.Release|Any CPU.Build.0 = Release|x64
		{93CB3305-3F7F-45DF-85C6-573BB35CFC50}.Release|x64.ActiveCfg = Release|x64
		{93CB3305-3F7F-45DF-85C6-573BB35CFC50}.Release|x64.Build.0 = Release|x64
		{93CB3305-3F7F-45DF-85C6-573BB35CFC50}.Release|x86.ActiveCfg = Release|Win32
		{93CB3305-3F7F-45DF-85C6-573BB35CFC50}.Release|x86.Build.0 = Release|Win32
	EndGlobalSection
	GlobalSection(SolutionProperties) = preSolution
		HideSolutionNode = FALSE
	EndGlobalSection
	GlobalSection(NestedProjects) = preSolution
		{F7E0FF62-163C-5801-1B9B-25E5C7940FDE} = {02EA681E-C7D8-13C7-8484-4AC65E1B71E8}
		{089C4B98-356C-42FF-A0E4-9EAD4BCEDFD9} = {02EA681E-C7D8-13C7-8484-4AC65E1B71E8}
		{93CB3305-3F7F-45DF-85C6-573BB35CFC50} = {02EA681E-C7D8-13C7-8484-4AC65E1B71E8}
	EndGlobalSection
	GlobalSection(ExtensibilityGlobals) = postSolution
		SolutionGuid = {8FC28D7D-57F2-4456-B7E0-AD1F73AD0A12}
	EndGlobalSection
EndGlobal
